
Microsoft Visual Studio Solution File, Format Version 12.00
# Visual Studio Version 16
VisualStudioVersion = 16.0.29613.14
MinimumVisualStudioVersion = 10.0.40219.1
Project("{FAE04EC0-301F-11D3-BF4B-00C04F79EFBC}") = "TestSQLite", "TestSQLite\TestSQLite.csproj", "{542B3FD8-8312-46E5-B8A9-91029F0E98EB}"
EndProject
Global
	GlobalSection(SolutionConfigurationPlatforms) = preSolution
		Debug|Any CPU = Debug|Any CPU
		Release|Any CPU = Release|Any CPU
	EndGlobalSection
	GlobalSection(ProjectConfigurationPlatforms) = postSolution
		{542B3FD8-8312-46E5-B8A9-91029F0E98EB}.Debug|Any CPU.ActiveCfg = Debug|Any CPU
		{542B3FD8-8312-46E5-B8A9-91029F0E98EB}.Debug|Any CPU.Build.0 = Debug|Any CPU
		{542B3FD8-8312-46E5-B8A9-91029F0E98EB}.Release|Any CPU.ActiveCfg = Release|Any CPU
		{542B3FD8-8312-46E5-B8A9-91029F0E98EB}.Release|Any CPU.Build.0 = Release|Any CPU
	EndGlobalSection
	GlobalSection(SolutionProperties) = preSolution
		HideSolutionNode = FALSE
	EndGlobalSection
	GlobalSection(ExtensibilityGlobals) = postSolution
		SolutionGuid = {4549A919-E2FB-482B-B839-8562CF134F63}
	EndGlobalSection
EndGlobal
